
Microsoft Visual Studio Solution File, Format Version 12.00
# Visual Studio Version 17
VisualStudioVersion = 17.5.33516.290
MinimumVisualStudioVersion = 10.0.40219.1
Project("{9A19103F-16F7-4668-BE54-9A1E7A4F7556}") = "InnotechExam", "InnotechExam.csproj", "{62A1A1DD-7428-4CD1-A371-FCD54E9B2B9E}"
EndProject
Global
	GlobalSection(SolutionConfigurationPlatforms) = preSolution
		Debug|Any CPU = Debug|Any CPU
		Release|Any CPU = Release|Any CPU
	EndGlobalSection
	GlobalSection(ProjectConfigurationPlatforms) = postSolution
		{62A1A1DD-7428-4CD1-A371-FCD54E9B2B9E}.Debug|Any CPU.ActiveCfg = Debug|Any CPU
		{62A1A1DD-7428-4CD1-A371-FCD54E9B2B9E}.Debug|Any CPU.Build.0 = Debug|Any CPU
		{62A1A1DD-7428-4CD1-A371-FCD54E9B2B9E}.Release|Any CPU.ActiveCfg = Release|Any CPU
		{62A1A1DD-7428-4CD1-A371-FCD54E9B2B9E}.Release|Any CPU.Build.0 = Release|Any CPU
	EndGlobalSection
	GlobalSection(SolutionProperties) = preSolution
		HideSolutionNode = FALSE
	EndGlobalSection
	GlobalSection(ExtensibilityGlobals) = postSolution
		SolutionGuid = {AC8840B0-F093-48F2-97D3-69A766A15C57}
	EndGlobalSection
EndGlobal
